
Microsoft Visual Studio Solution File, Format Version 12.00
# Visual Studio Version 17
VisualStudioVersion = 17.3.32929.385
MinimumVisualStudioVersion = 10.0.40219.1
Project("{9A19103F-16F7-4668-BE54-9A1E7A4F7556}") = "MqttBroker", "DeviceMonitor\MqttBroker.csproj", "{ED63F654-6680-496E-9406-A194CA6AF0AB}"
EndProject
Project("{FAE04EC0-301F-11D3-BF4B-00C04F79EFBC}") = "ClientPublishers", "Client\ClientPublishers.csproj", "{10D08EB9-3975-4B96-BC77-16589302B6D0}"
EndProject
Global
	GlobalSection(SolutionConfigurationPlatforms) = preSolution
		Debug|Any CPU = Debug|Any CPU
		Release|Any CPU = Release|Any CPU
	EndGlobalSection
	GlobalSection(ProjectConfigurationPlatforms) = postSolution
		{ED63F654-6680-496E-9406-A194CA6AF0AB}.Debug|Any CPU.ActiveCfg = Debug|Any CPU
		{ED63F654-6680-496E-9406-A194CA6AF0AB}.Debug|Any CPU.Build.0 = Debug|Any CPU
		{ED63F654-6680-496E-9406-A194CA6AF0AB}.Release|Any CPU.ActiveCfg = Release|Any CPU
		{ED63F654-6680-496E-9406-A194CA6AF0AB}.Release|Any CPU.Build.0 = Release|Any CPU
		{10D08EB9-3975-4B96-BC77-16589302B6D0}.Debug|Any CPU.ActiveCfg = Debug|Any CPU
		{10D08EB9-3975-4B96-BC77-16589302B6D0}.Debug|Any CPU.Build.0 = Debug|Any CPU
		{10D08EB9-3975-4B96-BC77-16589302B6D0}.Release|Any CPU.ActiveCfg = Release|Any CPU
		{10D08EB9-3975-4B96-BC77-16589302B6D0}.Release|Any CPU.Build.0 = Release|Any CPU
	EndGlobalSection
	GlobalSection(SolutionProperties) = preSolution
		HideSolutionNode = FALSE
	EndGlobalSection
	GlobalSection(ExtensibilityGlobals) = postSolution
		SolutionGuid = {B39FCBC5-C274-41B8-BFA6-4F47912B9FA7}
	EndGlobalSection
EndGlobal
